
Microsoft Visual Studio Solution File, Format Version 12.00
# Visual Studio Version 16
VisualStudioVersion = 16.0.29911.84
MinimumVisualStudioVersion = 10.0.40219.1
Project("{FAE04EC0-301F-11D3-BF4B-00C04F79EFBC}") = "U12_BP_GrA", "U12_BP_GrA\U12_BP_GrA.csproj", "{43FAB242-726B-4E49-8E08-D87D8559A4AA}"
EndProject
Global
	GlobalSection(SolutionConfigurationPlatforms) = preSolution
		Debug|Any CPU = Debug|Any CPU
		Release|Any CPU = Release|Any CPU
	EndGlobalSection
	GlobalSection(ProjectConfigurationPlatforms) = postSolution
		{43FAB242-726B-4E49-8E08-D87D8559A4AA}.Debug|Any CPU.ActiveCfg = Debug|Any CPU
		{43FAB242-726B-4E49-8E08-D87D8559A4AA}.Debug|Any CPU.Build.0 = Debug|Any CPU
		{43FAB242-726B-4E49-8E08-D87D8559A4AA}.Release|Any CPU.ActiveCfg = Release|Any CPU
		{43FAB242-726B-4E49-8E08-D87D8559A4AA}.Release|Any CPU.Build.0 = Release|Any CPU
	EndGlobalSection
	GlobalSection(SolutionProperties) = preSolution
		HideSolutionNode = FALSE
	EndGlobalSection
	GlobalSection(ExtensibilityGlobals) = postSolution
		SolutionGuid = {06A2341E-ECFB-4EF6-B855-5350D5569E5D}
	EndGlobalSection
EndGlobal
